# This file is autogenerated, do not edit; changes may be undone by the next 'dep ensure'.


[[projects]]
  branch = "master"
  name = "github.com/aristanetworks/goarista"
  packages = ["monotime"]
  revision = "b2d71c282dc706f4b4f6c15b65810e1202ecd53f"

[[projects]]
  branch = "master"
  name = "github.com/btcsuite/btcd"
  packages = ["btcec"]
  revision = "cf05f92c3f815bbd5091ed6c73eff51f7b1945e8"

[[projects]]
  name = "github.com/btcsuite/btcutil"
  packages = ["bech32"]
  revision = "d4cc87b860166d00d6b5b9e0d3b3d71d6088d4d4"

[[projects]]
  name = "github.com/cosmos/cosmos-sdk"
  packages = [
    "baseapp",
    "store",
    "types",
    "version",
    "wire",
    "x/auth",
    "x/stake/types"
  ]
  revision = "23e3d5ac12145c02fcb4b4767d7dfccad782aee5"
  version = "v0.23.1"

[[projects]]
  name = "github.com/davecgh/go-spew"
  packages = ["spew"]
  revision = "346938d642f2ec3594ed81d874461961cd0faa76"
  version = "v1.1.0"

[[projects]]
  branch = "master"
  name = "github.com/edsrzf/mmap-go"
  packages = ["."]
  revision = "0bce6a6887123b67a60366d2c9fe2dfb74289d2e"

[[projects]]
  name = "github.com/ethereum/go-ethereum"
  packages = [
    "common",
    "common/bitutil",
    "common/hexutil",
    "common/math",
    "common/mclock",
    "consensus",
    "consensus/ethash",
    "consensus/misc",
    "core",
    "core/rawdb",
    "core/state",
    "core/types",
    "core/vm",
    "crypto",
    "crypto/bn256",
    "crypto/bn256/cloudflare",
    "crypto/bn256/google",
    "crypto/secp256k1",
    "crypto/sha3",
    "ethdb",
    "event",
    "log",
    "metrics",
    "p2p/netutil",
    "params",
    "rlp",
    "rpc",
    "trie"
  ]
  revision = "dea1ce052a10cd7d401a5c04f83f371a06fe293c"
  version = "v1.8.11"

[[projects]]
  name = "github.com/go-kit/kit"
  packages = [
    "log",
    "log/level",
    "log/term"
  ]
  revision = "4dc7be5d2d12881735283bcab7352178e190fc71"
  version = "v0.6.0"

[[projects]]
  name = "github.com/go-logfmt/logfmt"
  packages = ["."]
  revision = "390ab7935ee28ec6b286364bba9b4dd6410cb3d5"
  version = "v0.3.0"

[[projects]]
  name = "github.com/go-stack/stack"
  packages = ["."]
  revision = "259ab82a6cad3992b4e21ff5cac294ccb06474bc"
  version = "v1.7.0"

[[projects]]
  name = "github.com/gogo/protobuf"
  packages = [
    "gogoproto",
    "jsonpb",
    "proto",
    "protoc-gen-gogo/descriptor",
    "sortkeys",
    "types"
  ]
  revision = "636bf0302bc95575d69441b25a2603156ffdddf1"
  version = "v1.1.1"

[[projects]]
  name = "github.com/golang/protobuf"
  packages = [
    "proto",
    "ptypes",
    "ptypes/any",
    "ptypes/duration",
    "ptypes/timestamp"
  ]
  revision = "b4deda0973fb4c70b50d226b1af49f3da59f5265"
  version = "v1.1.0"

[[projects]]
  branch = "master"
  name = "github.com/golang/snappy"
  packages = ["."]
  revision = "2e65f85255dbc3072edf28d6b5b8efc472979f5a"

[[projects]]
  name = "github.com/hashicorp/golang-lru"
  packages = [
    ".",
    "simplelru"
  ]
  revision = "0fb14efe8c47ae851c0034ed7a448854d3d34cf3"

[[projects]]
  name = "github.com/inconshreveable/mousetrap"
  packages = ["."]
  revision = "76626ae9c91c4f2a10f34cad8ce83ea42c93bb75"
  version = "v1.0"

[[projects]]
  branch = "master"
  name = "github.com/jmhodges/levigo"
  packages = ["."]
  revision = "c42d9e0ca023e2198120196f842701bb4c55d7b9"

[[projects]]
  branch = "master"
  name = "github.com/kr/logfmt"
  packages = ["."]
  revision = "b84e30acd515aadc4b783ad4ff83aff3299bdfe0"

[[projects]]
  name = "github.com/pkg/errors"
  packages = ["."]
  revision = "645ef00459ed84a119197bfb8d8205042c6df63d"
  version = "v0.8.0"

[[projects]]
  name = "github.com/pmezard/go-difflib"
  packages = ["difflib"]
  revision = "792786c7400a136282c1664665ae0a8db921c6c2"
  version = "v1.0.0"

[[projects]]
  name = "github.com/rs/cors"
  packages = ["."]
  revision = "3fb1b69b103a84de38a19c3c6ec073dd6caa4d3f"
  version = "v1.5.0"

[[projects]]
  name = "github.com/spf13/cobra"
  packages = ["."]
  revision = "ef82de70bb3f60c65fb8eebacbb2d122ef517385"
  version = "v0.0.3"

[[projects]]
  name = "github.com/spf13/pflag"
  packages = ["."]
  revision = "583c0c0531f06d5278b7d917446061adc344b5cd"
  version = "v1.0.1"

[[projects]]
  name = "github.com/stretchr/testify"
  packages = [
    "assert",
    "require"
  ]
  revision = "12b6f73e6084dad08a7c6e575284b177ecafbc71"
  version = "v1.2.1"

[[projects]]
  branch = "master"
  name = "github.com/syndtr/goleveldb"
  packages = [
    "leveldb",
    "leveldb/cache",
    "leveldb/comparer",
    "leveldb/errors",
    "leveldb/filter",
    "leveldb/iterator",
    "leveldb/journal",
    "leveldb/memdb",
    "leveldb/opt",
    "leveldb/storage",
    "leveldb/table",
    "leveldb/util"
  ]
  revision = "c4c61651e9e37fa117f53c5a906d3b63090d8445"

[[projects]]
  branch = "master"
  name = "github.com/tendermint/ed25519"
  packages = [
    ".",
    "edwards25519",
    "extra25519"
  ]
  revision = "d8387025d2b9d158cf4efb07e7ebf814bcce2057"

[[projects]]
  name = "github.com/tendermint/go-amino"
  packages = ["."]
  revision = "2106ca61d91029c931fd54968c2bb02dc96b1412"
  version = "0.10.1"

[[projects]]
  name = "github.com/tendermint/iavl"
  packages = ["."]
  revision = "35f66e53d9b01e83b30de68b931f54b2477a94c9"
  version = "v0.9.2"

[[projects]]
  name = "github.com/tendermint/tendermint"
  packages = [
    "abci/server",
    "abci/types",
    "crypto",
    "crypto/ed25519",
    "crypto/encoding/amino",
    "crypto/merkle",
    "crypto/secp256k1",
    "crypto/tmhash",
    "libs/bech32",
    "libs/common",
    "libs/db",
    "libs/log",
    "libs/pubsub",
    "libs/pubsub/query",
    "types"
  ]
  revision = "d542d2c3945116697f60451e6a407082c41c3cc9"
  version = "v0.22.8"

[[projects]]
  branch = "master"
  name = "golang.org/x/crypto"
  packages = ["ripemd160"]
  revision = "f027049dab0ad238e394a753dba2d14753473a04"

[[projects]]
  name = "golang.org/x/net"
  packages = [
    "context",
    "http/httpguts",
    "http2",
    "http2/hpack",
    "idna",
    "internal/timeseries",
    "trace",
    "websocket"
  ]
  revision = "292b43bbf7cb8d35ddf40f8d5100ef3837cced3f"

[[projects]]
  name = "golang.org/x/text"
  packages = [
    "collate",
    "collate/build",
    "internal/colltab",
    "internal/gen",
    "internal/tag",
    "internal/triegen",
    "internal/ucd",
    "language",
    "secure/bidirule",
    "transform",
    "unicode/bidi",
    "unicode/cldr",
    "unicode/norm",
    "unicode/rangetable"
  ]
  revision = "f21a4dfb5e38f5895301dc265a8def02365cc3d0"
  version = "v0.3.0"

[[projects]]
  name = "google.golang.org/genproto"
  packages = ["googleapis/rpc/status"]
  revision = "7fd901a49ba6a7f87732eb344f6e3c5b19d1b200"

[[projects]]
  name = "google.golang.org/grpc"
  packages = [
    ".",
    "balancer",
    "balancer/base",
    "balancer/roundrobin",
    "codes",
    "connectivity",
    "credentials",
    "encoding",
    "encoding/proto",
    "grpclog",
    "internal",
    "internal/backoff",
    "internal/channelz",
    "internal/grpcrand",
    "keepalive",
    "metadata",
    "naming",
    "peer",
    "resolver",
    "resolver/dns",
    "resolver/passthrough",
    "stats",
    "status",
    "tap",
    "transport"
  ]
  revision = "168a6198bcb0ef175f7dacec0b8691fc141dc9b8"
  version = "v1.13.0"

[[projects]]
  name = "gopkg.in/fatih/set.v0"
  packages = ["."]
  revision = "57907de300222151a123d29255ed17f5ed43fad3"
  version = "v0.1.0"

[[projects]]
  branch = "v2"
  name = "gopkg.in/karalabe/cookiejar.v2"
  packages = ["collections/prque"]
  revision = "8dcd6a7f4951f6ff3ee9cbb919a06d8925822e57"

[[projects]]
  branch = "v2"
  name = "gopkg.in/natefinch/npipe.v2"
  packages = ["."]
  revision = "c1b8fa8bdccecb0b8db834ee0b92fdbcfa606dd6"

[solve-meta]
  analyzer-name = "dep"
  analyzer-version = 1
  inputs-digest = "353f6762943df5f67c2fba13bc530c800977ed507155bb9edc3b44947f0abc6e"
  solver-name = "gps-cdcl"
  solver-version = 1
